// !$*UTF8*$!
{
	archiveVersion = 1;
	classes = {
	};
	objectVersion = 46;
	objects = {

/* Begin PBXBuildFile section */
		1BBBFF841DEAD5B1004D0862 /* AppDelegate.swift in Sources */ = {isa = PBXBuildFile; fileRef = 1BBBFF831DEAD5B1004D0862 /* AppDelegate.swift */; };
		1BBBFF861DEAD5B1004D0862 /* ViewController.swift in Sources */ = {isa = PBXBuildFile; fileRef = 1BBBFF851DEAD5B1004D0862 /* ViewController.swift */; };
		1BBBFF891DEAD5B1004D0862 /* Main.storyboard in Resources */ = {isa = PBXBuildFile; fileRef = 1BBBFF871DEAD5B1004D0862 /* Main.storyboard */; };
		1BBBFF8B1DEAD5B1004D0862 /* Assets.xcassets in Resources */ = {isa = PBXBuildFile; fileRef = 1BBBFF8A1DEAD5B1004D0862 /* Assets.xcassets */; };
		1BBBFF8E1DEAD5B1004D0862 /* LaunchScreen.storyboard in Resources */ = {isa = PBXBuildFile; fileRef = 1BBBFF8C1DEAD5B1004D0862 /* LaunchScreen.storyboard */; };
		1BBBFF991DEAD5B1004D0862 /* FirebaseTestTests.swift in Sources */ = {isa = PBXBuildFile; fileRef = 1BBBFF981DEAD5B1004D0862 /* FirebaseTestTests.swift */; };
		1BBBFFA41DEAD5B1004D0862 /* FirebaseTestUITests.swift in Sources */ = {isa = PBXBuildFile; fileRef = 1BBBFFA31DEAD5B1004D0862 /* FirebaseTestUITests.swift */; };
		1BBBFFEC1DEAF62C004D0862 /* GoogleService-Info.plist in Resources */ = {isa = PBXBuildFile; fileRef = 1BBBFFEB1DEAF62C004D0862 /* GoogleService-Info.plist */; };
		1BBBFFEE1DEAFEBC004D0862 /* LoginViewController.swift in Sources */ = {isa = PBXBuildFile; fileRef = 1BBBFFED1DEAFEBC004D0862 /* LoginViewController.swift */; };
		1BBBFFF01DEB0717004D0862 /* TableViewController.swift in Sources */ = {isa = PBXBuildFile; fileRef = 1BBBFFEF1DEB0717004D0862 /* TableViewController.swift */; };
		1CB8910DE7B78221E97D0808 /* Pods_FirebaseTest.framework in Frameworks */ = {isa = PBXBuildFile; fileRef = 25794B7F79A0DB20624ABF69 /* Pods_FirebaseTest.framework */; };
		A486FF351D632B6C6CF94D2F /* Pods_FirebaseTestUITests.framework in Frameworks */ = {isa = PBXBuildFile; fileRef = DCAB76F398628C1136E00058 /* Pods_FirebaseTestUITests.framework */; };
		D16DA9D1640D48AC9BA01C02 /* Pods_FirebaseTestTests.framework in Frameworks */ = {isa = PBXBuildFile; fileRef = 024654B695FA9E3B00EA01E3 /* Pods_FirebaseTestTests.framework */; };
/* End PBXBuildFile section */

/* Begin PBXContainerItemProxy section */
		1BBBFF951DEAD5B1004D0862 /* PBXContainerItemProxy */ = {
			isa = PBXContainerItemProxy;
			containerPortal = 1BBBFF781DEAD5B0004D0862 /* Project object */;
			proxyType = 1;
			remoteGlobalIDString = 1BBBFF7F1DEAD5B0004D0862;
			remoteInfo = FirebaseTest;
		};
		1BBBFFA01DEAD5B1004D0862 /* PBXContainerItemProxy */ = {
			isa = PBXContainerItemProxy;
			containerPortal = 1BBBFF781DEAD5B0004D0862 /* Project object */;
			proxyType = 1;
			remoteGlobalIDString = 1BBBFF7F1DEAD5B0004D0862;
			remoteInfo = FirebaseTest;
		};
/* End PBXContainerItemProxy section */

/* Begin PBXFileReference section */
		024654B695FA9E3B00EA01E3 /* Pods_FirebaseTestTests.framework */ = {isa = PBXFileReference; explicitFileType = wrapper.framework; includeInIndex = 0; path = Pods_FirebaseTestTests.framework; sourceTree = BUILT_PRODUCTS_DIR; };
		1BBBFF801DEAD5B0004D0862 /* FirebaseTest.app */ = {isa = PBXFileReference; explicitFileType = wrapper.application; includeInIndex = 0; path = FirebaseTest.app; sourceTree = BUILT_PRODUCTS_DIR; };
		1BBBFF831DEAD5B1004D0862 /* AppDelegate.swift */ = {isa = PBXFileReference; lastKnownFileType = sourcecode.swift; path = AppDelegate.swift; sourceTree = "<group>"; };
		1BBBFF851DEAD5B1004D0862 /* ViewController.swift */ = {isa = PBXFileReference; lastKnownFileType = sourcecode.swift; path = ViewController.swift; sourceTree = "<group>"; };
		1BBBFF881DEAD5B1004D0862 /* Base */ = {isa = PBXFileReference; lastKnownFileType = file.storyboard; name = Base; path = Base.lproj/Main.storyboard; sourceTree = "<group>"; };
		1BBBFF8A1DEAD5B1004D0862 /* Assets.xcassets */ = {isa = PBXFileReference; lastKnownFileType = folder.assetcatalog; path = Assets.xcassets; sourceTree = "<group>"; };
		1BBBFF8D1DEAD5B1004D0862 /* Base */ = {isa = PBXFileReference; lastKnownFileType = file.storyboard; name = Base; path = Base.lproj/LaunchScreen.storyboard; sourceTree = "<group>"; };
		1BBBFF8F1DEAD5B1004D0862 /* Info.plist */ = {isa = PBXFileReference; lastKnownFileType = text.plist.xml; path = Info.plist; sourceTree = "<group>"; };
		1BBBFF941DEAD5B1004D0862 /* FirebaseTestTests.xctest */ = {isa = PBXFileReference; explicitFileType = wrapper.cfbundle; includeInIndex = 0; path = FirebaseTestTests.xctest; sourceTree = BUILT_PRODUCTS_DIR; };
		1BBBFF981DEAD5B1004D0862 /* FirebaseTestTests.swift */ = {isa = PBXFileReference; lastKnownFileType = sourcecode.swift; path = FirebaseTestTests.swift; sourceTree = "<group>"; };
		1BBBFF9A1DEAD5B1004D0862 /* Info.plist */ = {isa = PBXFileReference; lastKnownFileType = text.plist.xml; path = Info.plist; sourceTree = "<group>"; };
		1BBBFF9F1DEAD5B1004D0862 /* FirebaseTestUITests.xctest */ = {isa = PBXFileReference; explicitFileType = wrapper.cfbundle; includeInIndex = 0; path = FirebaseTestUITests.xctest; sourceTree = BUILT_PRODUCTS_DIR; };
		1BBBFFA31DEAD5B1004D0862 /* FirebaseTestUITests.swift */ = {isa = PBXFileReference; lastKnownFileType = sourcecode.swift; path = FirebaseTestUITests.swift; sourceTree = "<group>"; };
		1BBBFFA51DEAD5B1004D0862 /* Info.plist */ = {isa = PBXFileReference; lastKnownFileType = text.plist.xml; path = Info.plist; sourceTree = "<group>"; };
		1BBBFFEB1DEAF62C004D0862 /* GoogleService-Info.plist */ = {isa = PBXFileReference; fileEncoding = 4; lastKnownFileType = text.plist.xml; path = "GoogleService-Info.plist"; sourceTree = "<group>"; };
		1BBBFFED1DEAFEBC004D0862 /* LoginViewController.swift */ = {isa = PBXFileReference; fileEncoding = 4; lastKnownFileType = sourcecode.swift; path = LoginViewController.swift; sourceTree = "<group>"; };
		1BBBFFEF1DEB0717004D0862 /* TableViewController.swift */ = {isa = PBXFileReference; fileEncoding = 4; lastKnownFileType = sourcecode.swift; path = TableViewController.swift; sourceTree = "<group>"; };
		25794B7F79A0DB20624ABF69 /* Pods_FirebaseTest.framework */ = {isa = PBXFileReference; explicitFileType = wrapper.framework; includeInIndex = 0; path = Pods_FirebaseTest.framework; sourceTree = BUILT_PRODUCTS_DIR; };
		638BEA5599C3617D4A1C3FDA /* Pods-FirebaseTestUITests.debug.xcconfig */ = {isa = PBXFileReference; includeInIndex = 1; lastKnownFileType = text.xcconfig; name = "Pods-FirebaseTestUITests.debug.xcconfig"; path = "Pods/Target Support Files/Pods-FirebaseTestUITests/Pods-FirebaseTestUITests.debug.xcconfig"; sourceTree = "<group>"; };
		66F654E6E2D28A5B58D65F1F /* Pods-FirebaseTestUITests.release.xcconfig */ = {isa = PBXFileReference; includeInIndex = 1; lastKnownFileType = text.xcconfig; name = "Pods-FirebaseTestUITests.release.xcconfig"; path = "Pods/Target Support Files/Pods-FirebaseTestUITests/Pods-FirebaseTestUITests.release.xcconfig"; sourceTree = "<group>"; };
		92090CD030914A6C0DF43D88 /* Pods-FirebaseTestTests.debug.xcconfig */ = {isa = PBXFileReference; includeInIndex = 1; lastKnownFileType = text.xcconfig; name = "Pods-FirebaseTestTests.debug.xcconfig"; path = "Pods/Target Support Files/Pods-FirebaseTestTests/Pods-FirebaseTestTests.debug.xcconfig"; sourceTree = "<group>"; };
		AF2F3146D8C2F200926C5937 /* Pods-FirebaseTest.release.xcconfig */ = {isa = PBXFileReference; includeInIndex = 1; lastKnownFileType = text.xcconfig; name = "Pods-FirebaseTest.release.xcconfig"; path = "Pods/Target Support Files/Pods-FirebaseTest/Pods-FirebaseTest.release.xcconfig"; sourceTree = "<group>"; };
		C329C591AF4C670521B80272 /* Pods-FirebaseTest.debug.xcconfig */ = {isa = PBXFileReference; includeInIndex = 1; lastKnownFileType = text.xcconfig; name = "Pods-FirebaseTest.debug.xcconfig"; path = "Pods/Target Support Files/Pods-FirebaseTest/Pods-FirebaseTest.debug.xcconfig"; sourceTree = "<group>"; };
		C439F1048DC3043E01454B45 /* Pods-FirebaseTestTests.release.xcconfig */ = {isa = PBXFileReference; includeInIndex = 1; lastKnownFileType = text.xcconfig; name = "Pods-FirebaseTestTests.release.xcconfig"; path = "Pods/Target Support Files/Pods-FirebaseTestTests/Pods-FirebaseTestTests.release.xcconfig"; sourceTree = "<group>"; };
		DCAB76F398628C1136E00058 /* Pods_FirebaseTestUITests.framework */ = {isa = PBXFileReference; explicitFileType = wrapper.framework; includeInIndex = 0; path = Pods_FirebaseTestUITests.framework; sourceTree = BUILT_PRODUCTS_DIR; };
/* End PBXFileReference section */

/* Begin PBXFrameworksBuildPhase section */
		1BBBFF7D1DEAD5B0004D0862 /* Frameworks */ = {
			isa = PBXFrameworksBuildPhase;
			buildActionMask = 2147483647;
			files = (
				1CB8910DE7B78221E97D0808 /* Pods_FirebaseTest.framework in Frameworks */,
			);
			runOnlyForDeploymentPostprocessing = 0;
		};
		1BBBFF911DEAD5B1004D0862 /* Frameworks */ = {
			isa = PBXFrameworksBuildPhase;
			buildActionMask = 2147483647;
			files = (
				D16DA9D1640D48AC9BA01C02 /* Pods_FirebaseTestTests.framework in Frameworks */,
			);
			runOnlyForDeploymentPostprocessing = 0;
		};
		1BBBFF9C1DEAD5B1004D0862 /* Frameworks */ = {
			isa = PBXFrameworksBuildPhase;
			buildActionMask = 2147483647;
			files = (
				A486FF351D632B6C6CF94D2F /* Pods_FirebaseTestUITests.framework in Frameworks */,
			);
			runOnlyForDeploymentPostprocessing = 0;
		};
/* End PBXFrameworksBuildPhase section */

/* Begin PBXGroup section */
		1BBBFF771DEAD5B0004D0862 = {
			isa = PBXGroup;
			children = (
				1BBBFF821DEAD5B1004D0862 /* FirebaseTest */,
				1BBBFF971DEAD5B1004D0862 /* FirebaseTestTests */,
				1BBBFFA21DEAD5B1004D0862 /* FirebaseTestUITests */,
				1BBBFF811DEAD5B0004D0862 /* Products */,
				BF7F92F52C8B5F9C3A33EE46 /* Pods */,
				CEF3B2E98F3930D2C074C740 /* Frameworks */,
			);
			sourceTree = "<group>";
		};
		1BBBFF811DEAD5B0004D0862 /* Products */ = {
			isa = PBXGroup;
			children = (
				1BBBFF801DEAD5B0004D0862 /* FirebaseTest.app */,
				1BBBFF941DEAD5B1004D0862 /* FirebaseTestTests.xctest */,
				1BBBFF9F1DEAD5B1004D0862 /* FirebaseTestUITests.xctest */,
			);
			name = Products;
			sourceTree = "<group>";
		};
		1BBBFF821DEAD5B1004D0862 /* FirebaseTest */ = {
			isa = PBXGroup;
			children = (
				1BBBFFEB1DEAF62C004D0862 /* GoogleService-Info.plist */,
				1BBBFF831DEAD5B1004D0862 /* AppDelegate.swift */,
				1BBBFF851DEAD5B1004D0862 /* ViewController.swift */,
				1BBBFFED1DEAFEBC004D0862 /* LoginViewController.swift */,
				1BBBFFEF1DEB0717004D0862 /* TableViewController.swift */,
				1BBBFF871DEAD5B1004D0862 /* Main.storyboard */,
				1BBBFF8A1DEAD5B1004D0862 /* Assets.xcassets */,
				1BBBFF8C1DEAD5B1004D0862 /* LaunchScreen.storyboard */,
				1BBBFF8F1DEAD5B1004D0862 /* Info.plist */,
			);
			path = FirebaseTest;
			sourceTree = "<group>";
		};
		1BBBFF971DEAD5B1004D0862 /* FirebaseTestTests */ = {
			isa = PBXGroup;
			children = (
				1BBBFF981DEAD5B1004D0862 /* FirebaseTestTests.swift */,
				1BBBFF9A1DEAD5B1004D0862 /* Info.plist */,
			);
			path = FirebaseTestTests;
			sourceTree = "<group>";
		};
		1BBBFFA21DEAD5B1004D0862 /* FirebaseTestUITests */ = {
			isa = PBXGroup;
			children = (
				1BBBFFA31DEAD5B1004D0862 /* FirebaseTestUITests.swift */,
				1BBBFFA51DEAD5B1004D0862 /* Info.plist */,
			);
			path = FirebaseTestUITests;
			sourceTree = "<group>";
		};
		BF7F92F52C8B5F9C3A33EE46 /* Pods */ = {
			isa = PBXGroup;
			children = (
				C329C591AF4C670521B80272 /* Pods-FirebaseTest.debug.xcconfig */,
				AF2F3146D8C2F200926C5937 /* Pods-FirebaseTest.release.xcconfig */,
				92090CD030914A6C0DF43D88 /* Pods-FirebaseTestTests.debug.xcconfig */,
				C439F1048DC3043E01454B45 /* Pods-FirebaseTestTests.release.xcconfig */,
				638BEA5599C3617D4A1C3FDA /* Pods-FirebaseTestUITests.debug.xcconfig */,
				66F654E6E2D28A5B58D65F1F /* Pods-FirebaseTestUITests.release.xcconfig */,
			);
			name = Pods;
			sourceTree = "<group>";
		};
		CEF3B2E98F3930D2C074C740 /* Frameworks */ = {
			isa = PBXGroup;
			children = (
				25794B7F79A0DB20624ABF69 /* Pods_FirebaseTest.framework */,
				024654B695FA9E3B00EA01E3 /* Pods_FirebaseTestTests.framework */,
				DCAB76F398628C1136E00058 /* Pods_FirebaseTestUITests.framework */,
			);
			name = Frameworks;
			sourceTree = "<group>";
		};
/* End PBXGroup section */

/* Begin PBXNativeTarget section */
		1BBBFF7F1DEAD5B0004D0862 /* FirebaseTest */ = {
			isa = PBXNativeTarget;
			buildConfigurationList = 1BBBFFA81DEAD5B1004D0862 /* Build configuration list for PBXNativeTarget "FirebaseTest" */;
			buildPhases = (
				6A6D21D8FB186640B219E2FA /* [CP] Check Pods Manifest.lock */,
				1BBBFF7C1DEAD5B0004D0862 /* Sources */,
				1BBBFF7D1DEAD5B0004D0862 /* Frameworks */,
				1BBBFF7E1DEAD5B0004D0862 /* Resources */,
				B0CEE49A423495F94FCE8CD3 /* [CP] Embed Pods Frameworks */,
				52FA4444EF0D23A087157CC7 /* [CP] Copy Pods Resources */,
			);
			buildRules = (
			);
			dependencies = (
			);
			name = FirebaseTest;
			productName = FirebaseTest;
			productReference = 1BBBFF801DEAD5B0004D0862 /* FirebaseTest.app */;
			productType = "com.apple.product-type.application";
		};
		1BBBFF931DEAD5B1004D0862 /* FirebaseTestTests */ = {
			isa = PBXNativeTarget;
			buildConfigurationList = 1BBBFFAB1DEAD5B1004D0862 /* Build configuration list for PBXNativeTarget "FirebaseTestTests" */;
			buildPhases = (
				2F1F85130FA177D9A22FDF24 /* [CP] Check Pods Manifest.lock */,
				1BBBFF901DEAD5B1004D0862 /* Sources */,
				1BBBFF911DEAD5B1004D0862 /* Frameworks */,
				1BBBFF921DEAD5B1004D0862 /* Resources */,
				2F5F4E211B3F55429065FEEC /* [CP] Embed Pods Frameworks */,
				6C447D61D82DD3D84F7070D1 /* [CP] Copy Pods Resources */,
			);
			buildRules = (
			);
			dependencies = (
				1BBBFF961DEAD5B1004D0862 /* PBXTargetDependency */,
			);
			name = FirebaseTestTests;
			productName = FirebaseTestTests;
			productReference = 1BBBFF941DEAD5B1004D0862 /* FirebaseTestTests.xctest */;
			productType = "com.apple.product-type.bundle.unit-test";
		};
		1BBBFF9E1DEAD5B1004D0862 /* FirebaseTestUITests */ = {
			isa = PBXNativeTarget;
			buildConfigurationList = 1BBBFFAE1DEAD5B1004D0862 /* Build configuration list for PBXNativeTarget "FirebaseTestUITests" */;
			buildPhases = (
				8035AFFECA50A5727F7E1C22 /* [CP] Check Pods Manifest.lock */,
				1BBBFF9B1DEAD5B1004D0862 /* Sources */,
				1BBBFF9C1DEAD5B1004D0862 /* Frameworks */,
				1BBBFF9D1DEAD5B1004D0862 /* Resources */,
				18D07916290413594EA2D2E4 /* [CP] Embed Pods Frameworks */,
				4676BB4F5422CB37232CAF9C /* [CP] Copy Pods Resources */,
			);
			buildRules = (
			);
			dependencies = (
				1BBBFFA11DEAD5B1004D0862 /* PBXTargetDependency */,
			);
			name = FirebaseTestUITests;
			productName = FirebaseTestUITests;
			productReference = 1BBBFF9F1DEAD5B1004D0862 /* FirebaseTestUITests.xctest */;
			productType = "com.apple.product-type.bundle.ui-testing";
		};
/* End PBXNativeTarget section */

/* Begin PBXProject section */
		1BBBFF781DEAD5B0004D0862 /* Project object */ = {
			isa = PBXProject;
			attributes = {
				LastSwiftUpdateCheck = 0730;
				LastUpgradeCheck = 0730;
				ORGANIZATIONNAME = RajeshM;
				TargetAttributes = {
					1BBBFF7F1DEAD5B0004D0862 = {
						CreatedOnToolsVersion = 7.3.1;
					};
					1BBBFF931DEAD5B1004D0862 = {
						CreatedOnToolsVersion = 7.3.1;
						TestTargetID = 1BBBFF7F1DEAD5B0004D0862;
					};
					1BBBFF9E1DEAD5B1004D0862 = {
						CreatedOnToolsVersion = 7.3.1;
						TestTargetID = 1BBBFF7F1DEAD5B0004D0862;
					};
				};
			};
			buildConfigurationList = 1BBBFF7B1DEAD5B0004D0862 /* Build configuration list for PBXProject "FirebaseTest" */;
			compatibilityVersion = "Xcode 3.2";
			developmentRegion = English;
			hasScannedForEncodings = 0;
			knownRegions = (
				en,
				Base,
			);
			mainGroup = 1BBBFF771DEAD5B0004D0862;
			productRefGroup = 1BBBFF811DEAD5B0004D0862 /* Products */;
			projectDirPath = "";
			projectRoot = "";
			targets = (
				1BBBFF7F1DEAD5B0004D0862 /* FirebaseTest */,
				1BBBFF931DEAD5B1004D0862 /* FirebaseTestTests */,
				1BBBFF9E1DEAD5B1004D0862 /* FirebaseTestUITests */,
			);
		};
/* End PBXProject section */

/* Begin PBXResourcesBuildPhase section */
		1BBBFF7E1DEAD5B0004D0862 /* Resources */ = {
			isa = PBXResourcesBuildPhase;
			buildActionMask = 2147483647;
			files = (
				1BBBFF8E1DEAD5B1004D0862 /* LaunchScreen.storyboard in Resources */,
				1BBBFFEC1DEAF62C004D0862 /* GoogleService-Info.plist in Resources */,
				1BBBFF8B1DEAD5B1004D0862 /* Assets.xcassets in Resources */,
				1BBBFF891DEAD5B1004D0862 /* Main.storyboard in Resources */,
			);
			runOnlyForDeploymentPostprocessing = 0;
		};
		1BBBFF921DEAD5B1004D0862 /* Resources */ = {
			isa = PBXResourcesBuildPhase;
			buildActionMask = 2147483647;
			files = (
			);
			runOnlyForDeploymentPostprocessing = 0;
		};
		1BBBFF9D1DEAD5B1004D0862 /* Resources */ = {
			isa = PBXResourcesBuildPhase;
			buildActionMask = 2147483647;
			files = (
			);
			runOnlyForDeploymentPostprocessing = 0;
		};
/* End PBXResourcesBuildPhase section */

/* Begin PBXShellScriptBuildPhase section */
		18D07916290413594EA2D2E4 /* [CP] Embed Pods Frameworks */ = {
			isa = PBXShellScriptBuildPhase;
			buildActionMask = 2147483647;
			files = (
			);
			inputPaths = (
			);
			name = "[CP] Embed Pods Frameworks";
			outputPaths = (
			);
			runOnlyForDeploymentPostprocessing = 0;
			shellPath = /bin/sh;
			shellScript = "\"${SRCROOT}/Pods/Target Support Files/Pods-FirebaseTestUITests/Pods-FirebaseTestUITests-frameworks.sh\"\n";
			showEnvVarsInLog = 0;
		};
		2F1F85130FA177D9A22FDF24 /* [CP] Check Pods Manifest.lock */ = {
			isa = PBXShellScriptBuildPhase;
			buildActionMask = 2147483647;
			files = (
			);
			inputPaths = (
			);
			name = "[CP] Check Pods Manifest.lock";
			outputPaths = (
			);
			runOnlyForDeploymentPostprocessing = 0;
			shellPath = /bin/sh;
			shellScript = "diff \"${PODS_ROOT}/../Podfile.lock\" \"${PODS_ROOT}/Manifest.lock\" > /dev/null\nif [ $? != 0 ] ; then\n    # print error to STDERR\n    echo \"error: The sandbox is not in sync with the Podfile.lock. Run 'pod install' or update your CocoaPods installation.\" >&2\n    exit 1\nfi\n";
			showEnvVarsInLog = 0;
		};
		2F5F4E211B3F55429065FEEC /* [CP] Embed Pods Frameworks */ = {
			isa = PBXShellScriptBuildPhase;
			buildActionMask = 2147483647;
			files = (
			);
			inputPaths = (
			);
			name = "[CP] Embed Pods Frameworks";
			outputPaths = (
			);
			runOnlyForDeploymentPostprocessing = 0;
			shellPath = /bin/sh;
			shellScript = "\"${SRCROOT}/Pods/Target Support Files/Pods-FirebaseTestTests/Pods-FirebaseTestTests-frameworks.sh\"\n";
			showEnvVarsInLog = 0;
		};
		4676BB4F5422CB37232CAF9C /* [CP] Copy Pods Resources */ = {
			isa = PBXShellScriptBuildPhase;
			buildActionMask = 2147483647;
			files = (
			);
			inputPaths = (
			);
			name = "[CP] Copy Pods Resources";
			outputPaths = (
			);
			runOnlyForDeploymentPostprocessing = 0;
			shellPath = /bin/sh;
			shellScript = "\"${SRCROOT}/Pods/Target Support Files/Pods-FirebaseTestUITests/Pods-FirebaseTestUITests-resources.sh\"\n";
			showEnvVarsInLog = 0;
		};
		52FA4444EF0D23A087157CC7 /* [CP] Copy Pods Resources */ = {
			isa = PBXShellScriptBuildPhase;
			buildActionMask = 2147483647;
			files = (
			);
			inputPaths = (
			);
			name = "[CP] Copy Pods Resources";
			outputPaths = (
			);
			runOnlyForDeploymentPostprocessing = 0;
			shellPath = /bin/sh;
			shellScript = "\"${SRCROOT}/Pods/Target Support Files/Pods-FirebaseTest/Pods-FirebaseTest-resources.sh\"\n";
			showEnvVarsInLog = 0;
		};
		6A6D21D8FB186640B219E2FA /* [CP] Check Pods Manifest.lock */ = {
			isa = PBXShellScriptBuildPhase;
			buildActionMask = 2147483647;
			files = (
			);
			inputPaths = (
			);
			name = "[CP] Check Pods Manifest.lock";
			outputPaths = (
			);
			runOnlyForDeploymentPostprocessing = 0;
			shellPath = /bin/sh;
			shellScript = "diff \"${PODS_ROOT}/../Podfile.lock\" \"${PODS_ROOT}/Manifest.lock\" > /dev/null\nif [ $? != 0 ] ; then\n    # print error to STDERR\n    echo \"error: The sandbox is not in sync with the Podfile.lock. Run 'pod install' or update your CocoaPods installation.\" >&2\n    exit 1\nfi\n";
			showEnvVarsInLog = 0;
		};
		6C447D61D82DD3D84F7070D1 /* [CP] Copy Pods Resources */ = {
			isa = PBXShellScriptBuildPhase;
			buildActionMask = 2147483647;
			files = (
			);
			inputPaths = (
			);
			name = "[CP] Copy Pods Resources";
			outputPaths = (
			);
			runOnlyForDeploymentPostprocessing = 0;
			shellPath = /bin/sh;
			shellScript = "\"${SRCROOT}/Pods/Target Support Files/Pods-FirebaseTestTests/Pods-FirebaseTestTests-resources.sh\"\n";
			showEnvVarsInLog = 0;
		};
		8035AFFECA50A5727F7E1C22 /* [CP] Check Pods Manifest.lock */ = {
			isa = PBXShellScriptBuildPhase;
			buildActionMask = 2147483647;
			files = (
			);
			inputPaths = (
			);
			name = "[CP] Check Pods Manifest.lock";
			outputPaths = (
			);
			runOnlyForDeploymentPostprocessing = 0;
			shellPath = /bin/sh;
			shellScript = "diff \"${PODS_ROOT}/../Podfile.lock\" \"${PODS_ROOT}/Manifest.lock\" > /dev/null\nif [ $? != 0 ] ; then\n    # print error to STDERR\n    echo \"error: The sandbox is not in sync with the Podfile.lock. Run 'pod install' or update your CocoaPods installation.\" >&2\n    exit 1\nfi\n";
			showEnvVarsInLog = 0;
		};
		B0CEE49A423495F94FCE8CD3 /* [CP] Embed Pods Frameworks */ = {
			isa = PBXShellScriptBuildPhase;
			buildActionMask = 2147483647;
			files = (
			);
			inputPaths = (
			);
			name = "[CP] Embed Pods Frameworks";
			outputPaths = (
			);
			runOnlyForDeploymentPostprocessing = 0;
			shellPath = /bin/sh;
			shellScript = "\"${SRCROOT}/Pods/Target Support Files/Pods-FirebaseTest/Pods-FirebaseTest-frameworks.sh\"\n";
			showEnvVarsInLog = 0;
		};
/* End PBXShellScriptBuildPhase section */

/* Begin PBXSourcesBuildPhase section */
		1BBBFF7C1DEAD5B0004D0862 /* Sources */ = {
			isa = PBXSourcesBuildPhase;
			buildActionMask = 2147483647;
			files = (
				1BBBFFEE1DEAFEBC004D0862 /* LoginViewController.swift in Sources */,
				1BBBFF861DEAD5B1004D0862 /* ViewController.swift in Sources */,
				1BBBFF841DEAD5B1004D0862 /* AppDelegate.swift in Sources */,
				1BBBFFF01DEB0717004D0862 /* TableViewController.swift in Sources */,
			);
			runOnlyForDeploymentPostprocessing = 0;
		};
		1BBBFF901DEAD5B1004D0862 /* Sources */ = {
			isa = PBXSourcesBuildPhase;
			buildActionMask = 2147483647;
			files = (
				1BBBFF991DEAD5B1004D0862 /* FirebaseTestTests.swift in Sources */,
			);
			runOnlyForDeploymentPostprocessing = 0;
		};
		1BBBFF9B1DEAD5B1004D0862 /* Sources */ = {
			isa = PBXSourcesBuildPhase;
			buildActionMask = 2147483647;
			files = (
				1BBBFFA41DEAD5B1004D0862 /* FirebaseTestUITests.swift in Sources */,
			);
			runOnlyForDeploymentPostprocessing = 0;
		};
/* End PBXSourcesBuildPhase section */

/* Begin PBXTargetDependency section */
		1BBBFF961DEAD5B1004D0862 /* PBXTargetDependency */ = {
			isa = PBXTargetDependency;
			target = 1BBBFF7F1DEAD5B0004D0862 /* FirebaseTest */;
			targetProxy = 1BBBFF951DEAD5B1004D0862 /* PBXContainerItemProxy */;
		};
		1BBBFFA11DEAD5B1004D0862 /* PBXTargetDependency */ = {
			isa = PBXTargetDependency;
			target = 1BBBFF7F1DEAD5B0004D0862 /* FirebaseTest */;
			targetProxy = 1BBBFFA01DEAD5B1004D0862 /* PBXContainerItemProxy */;
		};
/* End PBXTargetDependency section */

/* Begin PBXVariantGroup section */
		1BBBFF871DEAD5B1004D0862 /* Main.storyboard */ = {
			isa = PBXVariantGroup;
			children = (
				1BBBFF881DEAD5B1004D0862 /* Base */,
			);
			name = Main.storyboard;
			sourceTree = "<group>";
		};
		1BBBFF8C1DEAD5B1004D0862 /* LaunchScreen.storyboard */ = {
			isa = PBXVariantGroup;
			children = (
				1BBBFF8D1DEAD5B1004D0862 /* Base */,
			);
			name = LaunchScreen.storyboard;
			sourceTree = "<group>";
		};
/* End PBXVariantGroup section */

/* Begin XCBuildConfiguration section */
		1BBBFFA61DEAD5B1004D0862 /* Debug */ = {
			isa = XCBuildConfiguration;
			buildSettings = {
				ALWAYS_SEARCH_USER_PATHS = NO;
				CLANG_ANALYZER_NONNULL = YES;
				CLANG_CXX_LANGUAGE_STANDARD = "gnu++0x";
				CLANG_CXX_LIBRARY = "libc++";
				CLANG_ENABLE_MODULES = YES;
				CLANG_ENABLE_OBJC_ARC = YES;
				CLANG_WARN_BOOL_CONVERSION = YES;
				CLANG_WARN_CONSTANT_CONVERSION = YES;
				CLANG_WARN_DIRECT_OBJC_ISA_USAGE = YES_ERROR;
				CLANG_WARN_EMPTY_BODY = YES;
				CLANG_WARN_ENUM_CONVERSION = YES;
				CLANG_WARN_INT_CONVERSION = YES;
				CLANG_WARN_OBJC_ROOT_CLASS = YES_ERROR;
				CLANG_WARN_UNREACHABLE_CODE = YES;
				CLANG_WARN__DUPLICATE_METHOD_MATCH = YES;
				"CODE_SIGN_IDENTITY[sdk=iphoneos*]" = "iPhone Developer";
				COPY_PHASE_STRIP = NO;
				DEBUG_INFORMATION_FORMAT = dwarf;
				ENABLE_STRICT_OBJC_MSGSEND = YES;
				ENABLE_TESTABILITY = YES;
				GCC_C_LANGUAGE_STANDARD = gnu99;
				GCC_DYNAMIC_NO_PIC = NO;
				GCC_NO_COMMON_BLOCKS = YES;
				GCC_OPTIMIZATION_LEVEL = 0;
				GCC_PREPROCESSOR_DEFINITIONS = (
					"DEBUG=1",
					"$(inherited)",
				);
				GCC_WARN_64_TO_32_BIT_CONVERSION = YES;
				GCC_WARN_ABOUT_RETURN_TYPE = YES_ERROR;
				GCC_WARN_UNDECLARED_SELECTOR = YES;
				GCC_WARN_UNINITIALIZED_AUTOS = YES_AGGRESSIVE;
				GCC_WARN_UNUSED_FUNCTION = YES;
				GCC_WARN_UNUSED_VARIABLE = YES;
				IPHONEOS_DEPLOYMENT_TARGET = 9.3;
				MTL_ENABLE_DEBUG_INFO = YES;
				ONLY_ACTIVE_ARCH = YES;
				OTHER_LDFLAGS = "$(inherited)";
				SDKROOT = iphoneos;
				SWIFT_OPTIMIZATION_LEVEL = "-Onone";
				TARGETED_DEVICE_FAMILY = "1,2";
			};
			name = Debug;
		};
		1BBBFFA71DEAD5B1004D0862 /* Release */ = {
			isa = XCBuildConfiguration;
			buildSettings = {
				ALWAYS_SEARCH_USER_PATHS = NO;
				CLANG_ANALYZER_NONNULL = YES;
				CLANG_CXX_LANGUAGE_STANDARD = "gnu++0x";
				CLANG_CXX_LIBRARY = "libc++";
				CLANG_ENABLE_MODULES = YES;
				CLANG_ENABLE_OBJC_ARC = YES;
				CLANG_WARN_BOOL_CONVERSION = YES;
				CLANG_WARN_CONSTANT_CONVERSION = YES;
				CLANG_WARN_DIRECT_OBJC_ISA_USAGE = YES_ERROR;
				CLANG_WARN_EMPTY_BODY = YES;
				CLANG_WARN_ENUM_CONVERSION = YES;
				CLANG_WARN_INT_CONVERSION = YES;
				CLANG_WARN_OBJC_ROOT_CLASS = YES_ERROR;
				CLANG_WARN_UNREACHABLE_CODE = YES;
				CLANG_WARN__DUPLICATE_METHOD_MATCH = YES;
				"CODE_SIGN_IDENTITY[sdk=iphoneos*]" = "iPhone Developer";
				COPY_PHASE_STRIP = NO;
				DEBUG_INFORMATION_FORMAT = "dwarf-with-dsym";
				ENABLE_NS_ASSERTIONS = NO;
				ENABLE_STRICT_OBJC_MSGSEND = YES;
				GCC_C_LANGUAGE_STANDARD = gnu99;
				GCC_NO_COMMON_BLOCKS = YES;
				GCC_WARN_64_TO_32_BIT_CONVERSION = YES;
				GCC_WARN_ABOUT_RETURN_TYPE = YES_ERROR;
				GCC_WARN_UNDECLARED_SELECTOR = YES;
				GCC_WARN_UNINITIALIZED_AUTOS = YES_AGGRESSIVE;
				GCC_WARN_UNUSED_FUNCTION = YES;
				GCC_WARN_UNUSED_VARIABLE = YES;
				IPHONEOS_DEPLOYMENT_TARGET = 9.3;
				MTL_ENABLE_DEBUG_INFO = NO;
				OTHER_LDFLAGS = "$(inherited)";
				SDKROOT = iphoneos;
				TARGETED_DEVICE_FAMILY = "1,2";
				VALIDATE_PRODUCT = YES;
			};
			name = Release;
		};
		1BBBFFA91DEAD5B1004D0862 /* Debug */ = {
			isa = XCBuildConfiguration;
			baseConfigurationReference = C329C591AF4C670521B80272 /* Pods-FirebaseTest.debug.xcconfig */;
			buildSettings = {
				ASSETCATALOG_COMPILER_APPICON_NAME = AppIcon;
				INFOPLIST_FILE = FirebaseTest/Info.plist;
				LD_QUOTE_LINKER_ARGUMENTS_FOR_COMPILER_DRIVER = YES;
				LD_RUNPATH_SEARCH_PATHS = "$(inherited) @executable_path/Frameworks";
				LINK_WITH_STANDARD_LIBRARIES = YES;
				OTHER_LDFLAGS = "$(inherited)";
				PRODUCT_BUNDLE_IDENTIFIER = com.arunthamizh.FirebaseTest;
				PRODUCT_NAME = "$(TARGET_NAME)";
			};
			name = Debug;
		};
		1BBBFFAA1DEAD5B1004D0862 /* Release */ = {
			isa = XCBuildConfiguration;
			baseConfigurationReference = AF2F3146D8C2F200926C5937 /* Pods-FirebaseTest.release.xcconfig */;
			buildSettings = {
				ASSETCATALOG_COMPILER_APPICON_NAME = AppIcon;
				INFOPLIST_FILE = FirebaseTest/Info.plist;
				LD_QUOTE_LINKER_ARGUMENTS_FOR_COMPILER_DRIVER = YES;
				LD_RUNPATH_SEARCH_PATHS = "$(inherited) @executable_path/Frameworks";
				LINK_WITH_STANDARD_LIBRARIES = YES;
				OTHER_LDFLAGS = "$(inherited)";
				PRODUCT_BUNDLE_IDENTIFIER = com.arunthamizh.FirebaseTest;
				PRODUCT_NAME = "$(TARGET_NAME)";
			};
			name = Release;
		};
		1BBBFFAC1DEAD5B1004D0862 /* Debug */ = {
			isa = XCBuildConfiguration;
			baseConfigurationReference = 92090CD030914A6C0DF43D88 /* Pods-FirebaseTestTests.debug.xcconfig */;
			buildSettings = {
				BUNDLE_LOADER = "$(TEST_HOST)";
				INFOPLIST_FILE = FirebaseTestTests/Info.plist;
				LD_RUNPATH_SEARCH_PATHS = "$(inherited) @executable_path/Frameworks @loader_path/Frameworks";
				PRODUCT_BUNDLE_IDENTIFIER = com.arunthamizh.FirebaseTestTests;
				PRODUCT_NAME = "$(TARGET_NAME)";
				TEST_HOST = "$(BUILT_PRODUCTS_DIR)/FirebaseTest.app/FirebaseTest";
			};
			name = Debug;
		};
		1BBBFFAD1DEAD5B1004D0862 /* Release */ = {
			isa = XCBuildConfiguration;
			baseConfigurationReference = C439F1048DC3043E01454B45 /* Pods-FirebaseTestTests.release.xcconfig */;
			buildSettings = {
				BUNDLE_LOADER = "$(TEST_HOST)";
				INFOPLIST_FILE = FirebaseTestTests/Info.plist;
				LD_RUNPATH_SEARCH_PATHS = "$(inherited) @executable_path/Frameworks @loader_path/Frameworks";
				PRODUCT_BUNDLE_IDENTIFIER = com.arunthamizh.FirebaseTestTests;
				PRODUCT_NAME = "$(TARGET_NAME)";
				TEST_HOST = "$(BUILT_PRODUCTS_DIR)/FirebaseTest.app/FirebaseTest";
			};
			name = Release;
		};
		1BBBFFAF1DEAD5B1004D0862 /* Debug */ = {
			isa = XCBuildConfiguration;
			baseConfigurationReference = 638BEA5599C3617D4A1C3FDA /* Pods-FirebaseTestUITests.debug.xcconfig */;
			buildSettings = {
				INFOPLIST_FILE = FirebaseTestUITests/Info.plist;
				LD_RUNPATH_SEARCH_PATHS = "$(inherited) @executable_path/Frameworks @loader_path/Frameworks";
				PRODUCT_BUNDLE_IDENTIFIER = com.arunthamizh.FirebaseTestUITests;
				PRODUCT_NAME = "$(TARGET_NAME)";
				TEST_TARGET_NAME = FirebaseTest;
			};
			name = Debug;
		};
		1BBBFFB01DEAD5B1004D0862 /* Release */ = {
			isa = XCBuildConfiguration;
			baseConfigurationReference = 66F654E6E2D28A5B58D65F1F /* Pods-FirebaseTestUITests.release.xcconfig */;
			buildSettings = {
				INFOPLIST_FILE = FirebaseTestUITests/Info.plist;
				LD_RUNPATH_SEARCH_PATHS = "$(inherited) @executable_path/Frameworks @loader_path/Frameworks";
				PRODUCT_BUNDLE_IDENTIFIER = com.arunthamizh.FirebaseTestUITests;
				PRODUCT_NAME = "$(TARGET_NAME)";
				TEST_TARGET_NAME = FirebaseTest;
			};
			name = Release;
		};
/* End XCBuildConfiguration section */

/* Begin XCConfigurationList section */
		1BBBFF7B1DEAD5B0004D0862 /* Build configuration list for PBXProject "FirebaseTest" */ = {
			isa = XCConfigurationList;
			buildConfigurations = (
				1BBBFFA61DEAD5B1004D0862 /* Debug */,
				1BBBFFA71DEAD5B1004D0862 /* Release */,
			);
			defaultConfigurationIsVisible = 0;
			defaultConfigurationName = Release;
		};
		1BBBFFA81DEAD5B1004D0862 /* Build configuration list for PBXNativeTarget "FirebaseTest" */ = {
			isa = XCConfigurationList;
			buildConfigurations = (
				1BBBFFA91DEAD5B1004D0862 /* Debug */,
				1BBBFFAA1DEAD5B1004D0862 /* Release */,
			);
			defaultConfigurationIsVisible = 0;
			defaultConfigurationName = Release;
		};
		1BBBFFAB1DEAD5B1004D0862 /* Build configuration list for PBXNativeTarget "FirebaseTestTests" */ = {
			isa = XCConfigurationList;
			buildConfigurations = (
				1BBBFFAC1DEAD5B1004D0862 /* Debug */,
				1BBBFFAD1DEAD5B1004D0862 /* Release */,
			);
			defaultConfigurationIsVisible = 0;
			defaultConfigurationName = Release;
		};
		1BBBFFAE1DEAD5B1004D0862 /* Build configuration list for PBXNativeTarget "FirebaseTestUITests" */ = {
			isa = XCConfigurationList;
			buildConfigurations = (
				1BBBFFAF1DEAD5B1004D0862 /* Debug */,
				1BBBFFB01DEAD5B1004D0862 /* Release */,
			);
			defaultConfigurationIsVisible = 0;
			defaultConfigurationName = Release;
		};
/* End XCConfigurationList section */
	};
	rootObject = 1BBBFF781DEAD5B0004D0862 /* Project object */;
}
